
Microsoft Visual Studio Solution File, Format Version 12.00
# Visual Studio Version 17
VisualStudioVersion = 17.5.002.0
MinimumVisualStudioVersion = 10.0.40219.1
Project("{2150E333-8FDC-42A3-9474-1A3956D46DE8}") = "csharp-prep", "csharp-prep", "{6880A97D-4B0F-4265-BD88-BC2BC9A0742C}"
EndProject
Project("{9A19103F-16F7-4668-BE54-9A1E7A4F7556}") = "Prep1", "csharp-prep\Prep1\Prep1.csproj", "{D9285AFB-8D4C-4BBB-B87B-2C1053C64B22}"
EndProject
Project("{9A19103F-16F7-4668-BE54-9A1E7A4F7556}") = "Prep2", "csharp-prep\Prep2\Prep2.csproj", "{3A0E33DD-8CC7-4659-A633-2688C5E2975C}"
EndProject
Project("{9A19103F-16F7-4668-BE54-9A1E7A4F7556}") = "Prep3", "csharp-prep\Prep3\Prep3.csproj", "{18066F53-7FB5-4E12-8986-E476D513BE61}"
EndProject
Project("{9A19103F-16F7-4668-BE54-9A1E7A4F7556}") = "Prep4", "csharp-prep\Prep4\Prep4.csproj", "{671FC383-30B3-4605-BCEC-DD12BC76B3F4}"
EndProject
Project("{9A19103F-16F7-4668-BE54-9A1E7A4F7556}") = "Prep5", "csharp-prep\Prep5\Prep5.csproj", "{8927F609-BDC4-489B-AEE4-A13E5BCCB2A3}"
EndProject
Project("{2150E333-8FDC-42A3-9474-1A3956D46DE8}") = "final", "final", "{85B7E514-429C-4E19-93E3-0DEA40E1EC85}"
EndProject
Project("{9A19103F-16F7-4668-BE54-9A1E7A4F7556}") = "FinalProject", "final\FinalProject\FinalProject.csproj", "{DC3096EE-2B2F-4874-96D2-73663D0EB92A}"
EndProject
Project("{9A19103F-16F7-4668-BE54-9A1E7A4F7556}") = "Foundation1", "final\Foundation1\Foundation1.csproj", "{68D9BCEC-FFC2-4732-97FB-3C30DE7FC0F8}"
EndProject
Project("{9A19103F-16F7-4668-BE54-9A1E7A4F7556}") = "Foundation2", "final\Foundation2\Foundation2.csproj", "{971969D7-DD68-41AD-BC87-A23CD0B1C8BB}"
EndProject
Project("{9A19103F-16F7-4668-BE54-9A1E7A4F7556}") = "Foundation3", "final\Foundation3\Foundation3.csproj", "{614C8F93-E136-4657-9CFE-301EEBEB0B0A}"
EndProject
Project("{9A19103F-16F7-4668-BE54-9A1E7A4F7556}") = "Foundation4", "final\Foundation4\Foundation4.csproj", "{F5D85C06-41EB-4B5C-BFE1-E5823121372E}"
EndProject
Project("{2150E333-8FDC-42A3-9474-1A3956D46DE8}") = "prepare", "prepare", "{1AB144A4-DF69-4DA1-8894-DAA7A7BB9257}"
EndProject
Project("{9A19103F-16F7-4668-BE54-9A1E7A4F7556}") = "Learning02", "prepare\Learning02\Learning02.csproj", "{5302B922-11DB-45D0-81AF-9FF7938B9F72}"
EndProject
Project("{9A19103F-16F7-4668-BE54-9A1E7A4F7556}") = "Learning03", "prepare\Learning03\Learning03.csproj", "{1176ACAA-FD96-449A-802E-36BE5E4995B3}"
EndProject
Project("{9A19103F-16F7-4668-BE54-9A1E7A4F7556}") = "Learning04", "prepare\Learning04\Learning04.csproj", "{11BB6FFC-5CE2-483E-B848-DEDCD5514283}"
EndProject
Project("{9A19103F-16F7-4668-BE54-9A1E7A4F7556}") = "Learning05", "prepare\Learning05\Learning05.csproj", "{BB527F3A-3DDB-48ED-8DEB-912379B16E5C}"
EndProject
Project("{2150E333-8FDC-42A3-9474-1A3956D46DE8}") = "prove", "prove", "{10B50BD2-F1BE-49A2-956C-EB7A13D164BA}"
EndProject
Project("{9A19103F-16F7-4668-BE54-9A1E7A4F7556}") = "Develop02", "prove\Develop02\Develop02.csproj", "{354AF037-D08F-452A-83DA-29457A6590E4}"
EndProject
Project("{9A19103F-16F7-4668-BE54-9A1E7A4F7556}") = "Develop03", "prove\Develop03\Develop03.csproj", "{11234D55-4FBC-4F01-B37A-479F3E71D82F}"
EndProject
Project("{9A19103F-16F7-4668-BE54-9A1E7A4F7556}") = "Develop04", "prove\Develop04\Develop04.csproj", "{90E3EF3B-C992-40CC-8835-22E1D4A4CF77}"
EndProject
Project("{9A19103F-16F7-4668-BE54-9A1E7A4F7556}") = "Develop05", "prove\Develop05\Develop05.csproj", "{FA0D3450-9CA8-4D86-9CFE-4A745A305C51}"
EndProject
Project("{2150E333-8FDC-42A3-9474-1A3956D46DE8}") = "sandbox", "sandbox", "{F55B81A8-788E-45B3-9E7C-0C6BD1FCF659}"
EndProject
Project("{9A19103F-16F7-4668-BE54-9A1E7A4F7556}") = "Sandbox", "sandbox\Sandbox\Sandbox.csproj", "{698555C3-78F9-4A66-9EAB-F3E2304FB0EB}"
EndProject
Global
	GlobalSection(SolutionConfigurationPlatforms) = preSolution
		Debug|Any CPU = Debug|Any CPU
		Release|Any CPU = Release|Any CPU
	EndGlobalSection
	GlobalSection(ProjectConfigurationPlatforms) = postSolution
		{D9285AFB-8D4C-4BBB-B87B-2C1053C64B22}.Debug|Any CPU.ActiveCfg = Debug|Any CPU
		{D9285AFB-8D4C-4BBB-B87B-2C1053C64B22}.Debug|Any CPU.Build.0 = Debug|Any CPU
		{D9285AFB-8D4C-4BBB-B87B-2C1053C64B22}.Release|Any CPU.ActiveCfg = Release|Any CPU
		{D9285AFB-8D4C-4BBB-B87B-2C1053C64B22}.Release|Any CPU.Build.0 = Release|Any CPU
		{3A0E33DD-8CC7-4659-A633-2688C5E2975C}.Debug|Any CPU.ActiveCfg = Debug|Any CPU
		{3A0E33DD-8CC7-4659-A633-2688C5E2975C}.Debug|Any CPU.Build.0 = Debug|Any CPU
		{3A0E33DD-8CC7-4659-A633-2688C5E2975C}.Release|Any CPU.ActiveCfg = Release|Any CPU
		{3A0E33DD-8CC7-4659-A633-2688C5E2975C}.Release|Any CPU.Build.0 = Release|Any CPU
		{18066F53-7FB5-4E12-8986-E476D513BE61}.Debug|Any CPU.ActiveCfg = Debug|Any CPU
		{18066F53-7FB5-4E12-8986-E476D513BE61}.Debug|Any CPU.Build.0 = Debug|Any CPU
		{18066F53-7FB5-4E12-8986-E476D513BE61}.Release|Any CPU.ActiveCfg = Release|Any CPU
		{18066F53-7FB5-4E12-8986-E476D513BE61}.Release|Any CPU.Build.0 = Release|Any CPU
		{671FC383-30B3-4605-BCEC-DD12BC76B3F4}.Debug|Any CPU.ActiveCfg = Debug|Any CPU
		{671FC383-30B3-4605-BCEC-DD12BC76B3F4}.Debug|Any CPU.Build.0 = Debug|Any CPU
		{671FC383-30B3-4605-BCEC-DD12BC76B3F4}.Release|Any CPU.ActiveCfg = Release|Any CPU
		{671FC383-30B3-4605-BCEC-DD12BC76B3F4}.Release|Any CPU.Build.0 = Release|Any CPU
		{8927F609-BDC4-489B-AEE4-A13E5BCCB2A3}.Debug|Any CPU.ActiveCfg = Debug|Any CPU
		{8927F609-BDC4-489B-AEE4-A13E5BCCB2A3}.Debug|Any CPU.Build.0 = Debug|Any CPU
		{8927F609-BDC4-489B-AEE4-A13E5BCCB2A3}.Release|Any CPU.ActiveCfg = Release|Any CPU
		{8927F609-BDC4-489B-AEE4-A13E5BCCB2A3}.Release|Any CPU.Build.0 = Release|Any CPU
		{DC3096EE-2B2F-4874-96D2-73663D0EB92A}.Debug|Any CPU.ActiveCfg = Debug|Any CPU
		{DC3096EE-2B2F-4874-96D2-73663D0EB92A}.Debug|Any CPU.Build.0 = Debug|Any CPU
		{DC3096EE-2B2F-4874-96D2-73663D0EB92A}.Release|Any CPU.ActiveCfg = Release|Any CPU
		{DC3096EE-2B2F-4874-96D2-73663D0EB92A}.Release|Any CPU.Build.0 = Release|Any CPU
		{68D9BCEC-FFC2-4732-97FB-3C30DE7FC0F8}.Debug|Any CPU.ActiveCfg = Debug|Any CPU
		{68D9BCEC-FFC2-4732-97FB-3C30DE7FC0F8}.Debug|Any CPU.Build.0 = Debug|Any CPU
		{68D9BCEC-FFC2-4732-97FB-3C30DE7FC0F8}.Release|Any CPU.ActiveCfg = Release|Any CPU
		{68D9BCEC-FFC2-4732-97FB-3C30DE7FC0F8}.Release|Any CPU.Build.0 = Release|Any CPU
		{971969D7-DD68-41AD-BC87-A23CD0B1C8BB}.Debug|Any CPU.ActiveCfg = Debug|Any CPU
		{971969D7-DD68-41AD-BC87-A23CD0B1C8BB}.Debug|Any CPU.Build.0 = Debug|Any CPU
		{971969D7-DD68-41AD-BC87-A23CD0B1C8BB}.Release|Any CPU.ActiveCfg = Release|Any CPU
		{971969D7-DD68-41AD-BC87-A23CD0B1C8BB}.Release|Any CPU.Build.0 = Release|Any CPU
		{614C8F93-E136-4657-9CFE-301EEBEB0B0A}.Debug|Any CPU.ActiveCfg = Debug|Any CPU
		{614C8F93-E136-4657-9CFE-301EEBEB0B0A}.Debug|Any CPU.Build.0 = Debug|Any CPU
		{614C8F93-E136-4657-9CFE-301EEBEB0B0A}.Release|Any CPU.ActiveCfg = Release|Any CPU
		{614C8F93-E136-4657-9CFE-301EEBEB0B0A}.Release|Any CPU.Build.0 = Release|Any CPU
		{F5D85C06-41EB-4B5C-BFE1-E5823121372E}.Debug|Any CPU.ActiveCfg = Debug|Any CPU
		{F5D85C06-41EB-4B5C-BFE1-E5823121372E}.Debug|Any CPU.Build.0 = Debug|Any CPU
		{F5D85C06-41EB-4B5C-BFE1-E5823121372E}.Release|Any CPU.ActiveCfg = Release|Any CPU
		{F5D85C06-41EB-4B5C-BFE1-E5823121372E}.Release|Any CPU.Build.0 = Release|Any CPU
		{5302B922-11DB-45D0-81AF-9FF7938B9F72}.Debug|Any CPU.ActiveCfg = Debug|Any CPU
		{5302B922-11DB-45D0-81AF-9FF7938B9F72}.Debug|Any CPU.Build.0 = Debug|Any CPU
		{5302B922-11DB-45D0-81AF-9FF7938B9F72}.Release|Any CPU.ActiveCfg = Release|Any CPU
		{5302B922-11DB-45D0-81AF-9FF7938B9F72}.Release|Any CPU.Build.0 = Release|Any CPU
		{1176ACAA-FD96-449A-802E-36BE5E4995B3}.Debug|Any CPU.ActiveCfg = Debug|Any CPU
		{1176ACAA-FD96-449A-802E-36BE5E4995B3}.Debug|Any CPU.Build.0 = Debug|Any CPU
		{1176ACAA-FD96-449A-802E-36BE5E4995B3}.Release|Any CPU.ActiveCfg = Release|Any CPU
		{1176ACAA-FD96-449A-802E-36BE5E4995B3}.Release|Any CPU.Build.0 = Release|Any CPU
		{11BB6FFC-5CE2-483E-B848-DEDCD5514283}.Debug|Any CPU.ActiveCfg = Debug|Any CPU
		{11BB6FFC-5CE2-483E-B848-DEDCD5514283}.Debug|Any CPU.Build.0 = Debug|Any CPU
		{11BB6FFC-5CE2-483E-B848-DEDCD5514283}.Release|Any CPU.ActiveCfg = Release|Any CPU
		{11BB6FFC-5CE2-483E-B848-DEDCD5514283}.Release|Any CPU.Build.0 = Release|Any CPU
		{BB527F3A-3DDB-48ED-8DEB-912379B16E5C}.Debug|Any CPU.ActiveCfg = Debug|Any CPU
		{BB527F3A-3DDB-48ED-8DEB-912379B16E5C}.Debug|Any CPU.Build.0 = Debug|Any CPU
		{BB527F3A-3DDB-48ED-8DEB-912379B16E5C}.Release|Any CPU.ActiveCfg = Release|Any CPU
		{BB527F3A-3DDB-48ED-8DEB-912379B16E5C}.Release|Any CPU.Build.0 = Release|Any CPU
		{354AF037-D08F-452A-83DA-29457A6590E4}.Debug|Any CPU.ActiveCfg = Debug|Any CPU
		{354AF037-D08F-452A-83DA-29457A6590E4}.Debug|Any CPU.Build.0 = Debug|Any CPU
		{354AF037-D08F-452A-83DA-29457A6590E4}.Release|Any CPU.ActiveCfg = Release|Any CPU
		{354AF037-D08F-452A-83DA-29457A6590E4}.Release|Any CPU.Build.0 = Release|Any CPU
		{11234D55-4FBC-4F01-B37A-479F3E71D82F}.Debug|Any CPU.ActiveCfg = Debug|Any CPU
		{11234D55-4FBC-4F01-B37A-479F3E71D82F}.Debug|Any CPU.Build.0 = Debug|Any CPU
		{11234D55-4FBC-4F01-B37A-479F3E71D82F}.Release|Any CPU.ActiveCfg = Release|Any CPU
		{11234D55-4FBC-4F01-B37A-479F3E71D82F}.Release|Any CPU.Build.0 = Release|Any CPU
		{90E3EF3B-C992-40CC-8835-22E1D4A4CF77}.Debug|Any CPU.ActiveCfg = Debug|Any CPU
		{90E3EF3B-C992-40CC-8835-22E1D4A4CF77}.Debug|Any CPU.Build.0 = Debug|Any CPU
		{90E3EF3B-C992-40CC-8835-22E1D4A4CF77}.Release|Any CPU.ActiveCfg = Release|Any CPU
		{90E3EF3B-C992-40CC-8835-22E1D4A4CF77}.Release|Any CPU.Build.0 = Release|Any CPU
		{FA0D3450-9CA8-4D86-9CFE-4A745A305C51}.Debug|Any CPU.ActiveCfg = Debug|Any CPU
		{FA0D3450-9CA8-4D86-9CFE-4A745A305C51}.Debug|Any CPU.Build.0 = Debug|Any CPU
		{FA0D3450-9CA8-4D86-9CFE-4A745A305C51}.Release|Any CPU.ActiveCfg = Release|Any CPU
		{FA0D3450-9CA8-4D86-9CFE-4A745A305C51}.Release|Any CPU.Build.0 = Release|Any CPU
		{698555C3-78F9-4A66-9EAB-F3E2304FB0EB}.Debug|Any CPU.ActiveCfg = Debug|Any CPU
		{698555C3-78F9-4A66-9EAB-F3E2304FB0EB}.Debug|Any CPU.Build.0 = Debug|Any CPU
		{698555C3-78F9-4A66-9EAB-F3E2304FB0EB}.Release|Any CPU.ActiveCfg = Release|Any CPU
		{698555C3-78F9-4A66-9EAB-F3E2304FB0EB}.Release|Any CPU.Build.0 = Release|Any CPU
	EndGlobalSection
	GlobalSection(SolutionProperties) = preSolution
		HideSolutionNode = FALSE
	EndGlobalSection
	GlobalSection(NestedProjects) = preSolution
		{D9285AFB-8D4C-4BBB-B87B-2C1053C64B22} = {6880A97D-4B0F-4265-BD88-BC2BC9A0742C}
		{3A0E33DD-8CC7-4659-A633-2688C5E2975C} = {6880A97D-4B0F-4265-BD88-BC2BC9A0742C}
		{18066F53-7FB5-4E12-8986-E476D513BE61} = {6880A97D-4B0F-4265-BD88-BC2BC9A0742C}
		{671FC383-30B3-4605-BCEC-DD12BC76B3F4} = {6880A97D-4B0F-4265-BD88-BC2BC9A0742C}
		{8927F609-BDC4-489B-AEE4-A13E5BCCB2A3} = {6880A97D-4B0F-4265-BD88-BC2BC9A0742C}
		{DC3096EE-2B2F-4874-96D2-73663D0EB92A} = {85B7E514-429C-4E19-93E3-0DEA40E1EC85}
		{68D9BCEC-FFC2-4732-97FB-3C30DE7FC0F8} = {85B7E514-429C-4E19-93E3-0DEA40E1EC85}
		{971969D7-DD68-41AD-BC87-A23CD0B1C8BB} = {85B7E514-429C-4E19-93E3-0DEA40E1EC85}
		{614C8F93-E136-4657-9CFE-301EEBEB0B0A} = {85B7E514-429C-4E19-93E3-0DEA40E1EC85}
		{F5D85C06-41EB-4B5C-BFE1-E5823121372E} = {85B7E514-429C-4E19-93E3-0DEA40E1EC85}
		{5302B922-11DB-45D0-81AF-9FF7938B9F72} = {1AB144A4-DF69-4DA1-8894-DAA7A7BB9257}
		{1176ACAA-FD96-449A-802E-36BE5E4995B3} = {1AB144A4-DF69-4DA1-8894-DAA7A7BB9257}
		{11BB6FFC-5CE2-483E-B848-DEDCD5514283} = {1AB144A4-DF69-4DA1-8894-DAA7A7BB9257}
		{BB527F3A-3DDB-48ED-8DEB-912379B16E5C} = {1AB144A4-DF69-4DA1-8894-DAA7A7BB9257}
		{354AF037-D08F-452A-83DA-29457A6590E4} = {10B50BD2-F1BE-49A2-956C-EB7A13D164BA}
		{11234D55-4FBC-4F01-B37A-479F3E71D82F} = {10B50BD2-F1BE-49A2-956C-EB7A13D164BA}
		{90E3EF3B-C992-40CC-8835-22E1D4A4CF77} = {10B50BD2-F1BE-49A2-956C-EB7A13D164BA}
		{FA0D3450-9CA8-4D86-9CFE-4A745A305C51} = {10B50BD2-F1BE-49A2-956C-EB7A13D164BA}
		{698555C3-78F9-4A66-9EAB-F3E2304FB0EB} = {F55B81A8-788E-45B3-9E7C-0C6BD1FCF659}
	EndGlobalSection
	GlobalSection(ExtensibilityGlobals) = postSolution
		SolutionGuid = {DC1B20A2-20E0-49C3-A1A8-AB9FA1F64EAF}
	EndGlobalSection
EndGlobal
